// !$*UTF8*$!
{
	archiveVersion = 1;
	classes = {
	};
	objectVersion = 46;
	objects = {

/* Begin PBXBuildFile section */
		208C80BD1CDAFF9C000E46E9 /* AppDelegate.swift in Sources */ = {isa = PBXBuildFile; fileRef = 208C80BC1CDAFF9C000E46E9 /* AppDelegate.swift */; };
		208C80BF1CDAFF9C000E46E9 /* ViewController.swift in Sources */ = {isa = PBXBuildFile; fileRef = 208C80BE1CDAFF9C000E46E9 /* ViewController.swift */; };
		208C80C21CDAFF9C000E46E9 /* Main.storyboard in Resources */ = {isa = PBXBuildFile; fileRef = 208C80C01CDAFF9C000E46E9 /* Main.storyboard */; };
		208C80C41CDAFF9C000E46E9 /* Assets.xcassets in Resources */ = {isa = PBXBuildFile; fileRef = 208C80C31CDAFF9C000E46E9 /* Assets.xcassets */; };
		208C80C71CDAFF9C000E46E9 /* LaunchScreen.storyboard in Resources */ = {isa = PBXBuildFile; fileRef = 208C80C51CDAFF9C000E46E9 /* LaunchScreen.storyboard */; };
		208C80D21CDAFF9C000E46E9 /* tick_tack_toeTests.swift in Sources */ = {isa = PBXBuildFile; fileRef = 208C80D11CDAFF9C000E46E9 /* tick_tack_toeTests.swift */; };
		208C80DD1CDAFF9C000E46E9 /* tick_tack_toeUITests.swift in Sources */ = {isa = PBXBuildFile; fileRef = 208C80DC1CDAFF9C000E46E9 /* tick_tack_toeUITests.swift */; };
/* End PBXBuildFile section */

/* Begin PBXContainerItemProxy section */
		208C80CE1CDAFF9C000E46E9 /* PBXContainerItemProxy */ = {
			isa = PBXContainerItemProxy;
			containerPortal = 208C80B11CDAFF9B000E46E9 /* Project object */;
			proxyType = 1;
			remoteGlobalIDString = 208C80B81CDAFF9C000E46E9;
			remoteInfo = "tick tack toe";
		};
		208C80D91CDAFF9C000E46E9 /* PBXContainerItemProxy */ = {
			isa = PBXContainerItemProxy;
			containerPortal = 208C80B11CDAFF9B000E46E9 /* Project object */;
			proxyType = 1;
			remoteGlobalIDString = 208C80B81CDAFF9C000E46E9;
			remoteInfo = "tick tack toe";
		};
/* End PBXContainerItemProxy section */

/* Begin PBXFileReference section */
		208C80B91CDAFF9C000E46E9 /* tick tack toe.app */ = {isa = PBXFileReference; explicitFileType = wrapper.application; includeInIndex = 0; path = "tick tack toe.app"; sourceTree = BUILT_PRODUCTS_DIR; };
		208C80BC1CDAFF9C000E46E9 /* AppDelegate.swift */ = {isa = PBXFileReference; lastKnownFileType = sourcecode.swift; path = AppDelegate.swift; sourceTree = "<group>"; };
		208C80BE1CDAFF9C000E46E9 /* ViewController.swift */ = {isa = PBXFileReference; lastKnownFileType = sourcecode.swift; path = ViewController.swift; sourceTree = "<group>"; };
		208C80C11CDAFF9C000E46E9 /* Base */ = {isa = PBXFileReference; lastKnownFileType = file.storyboard; name = Base; path = Base.lproj/Main.storyboard; sourceTree = "<group>"; };
		208C80C31CDAFF9C000E46E9 /* Assets.xcassets */ = {isa = PBXFileReference; lastKnownFileType = folder.assetcatalog; path = Assets.xcassets; sourceTree = "<group>"; };
		208C80C61CDAFF9C000E46E9 /* Base */ = {isa = PBXFileReference; lastKnownFileType = file.storyboard; name = Base; path = Base.lproj/LaunchScreen.storyboard; sourceTree = "<group>"; };
		208C80C81CDAFF9C000E46E9 /* Info.plist */ = {isa = PBXFileReference; lastKnownFileType = text.plist.xml; path = Info.plist; sourceTree = "<group>"; };
		208C80CD1CDAFF9C000E46E9 /* tick tack toeTests.xctest */ = {isa = PBXFileReference; explicitFileType = wrapper.cfbundle; includeInIndex = 0; path = "tick tack toeTests.xctest"; sourceTree = BUILT_PRODUCTS_DIR; };
		208C80D11CDAFF9C000E46E9 /* tick_tack_toeTests.swift */ = {isa = PBXFileReference; lastKnownFileType = sourcecode.swift; path = tick_tack_toeTests.swift; sourceTree = "<group>"; };
		208C80D31CDAFF9C000E46E9 /* Info.plist */ = {isa = PBXFileReference; lastKnownFileType = text.plist.xml; path = Info.plist; sourceTree = "<group>"; };
		208C80D81CDAFF9C000E46E9 /* tick tack toeUITests.xctest */ = {isa = PBXFileReference; explicitFileType = wrapper.cfbundle; includeInIndex = 0; path = "tick tack toeUITests.xctest"; sourceTree = BUILT_PRODUCTS_DIR; };
		208C80DC1CDAFF9C000E46E9 /* tick_tack_toeUITests.swift */ = {isa = PBXFileReference; lastKnownFileType = sourcecode.swift; path = tick_tack_toeUITests.swift; sourceTree = "<group>"; };
		208C80DE1CDAFF9C000E46E9 /* Info.plist */ = {isa = PBXFileReference; lastKnownFileType = text.plist.xml; path = Info.plist; sourceTree = "<group>"; };
/* End PBXFileReference section */

/* Begin PBXFrameworksBuildPhase section */
		208C80B61CDAFF9C000E46E9 /* Frameworks */ = {
			isa = PBXFrameworksBuildPhase;
			buildActionMask = 2147483647;
			files = (
			);
			runOnlyForDeploymentPostprocessing = 0;
		};
		208C80CA1CDAFF9C000E46E9 /* Frameworks */ = {
			isa = PBXFrameworksBuildPhase;
			buildActionMask = 2147483647;
			files = (
			);
			runOnlyForDeploymentPostprocessing = 0;
		};
		208C80D51CDAFF9C000E46E9 /* Frameworks */ = {
			isa = PBXFrameworksBuildPhase;
			buildActionMask = 2147483647;
			files = (
			);
			runOnlyForDeploymentPostprocessing = 0;
		};
/* End PBXFrameworksBuildPhase section */

/* Begin PBXGroup section */
		208C80B01CDAFF9B000E46E9 = {
			isa = PBXGroup;
			children = (
				208C80BB1CDAFF9C000E46E9 /* tick tack toe */,
				208C80D01CDAFF9C000E46E9 /* tick tack toeTests */,
				208C80DB1CDAFF9C000E46E9 /* tick tack toeUITests */,
				208C80BA1CDAFF9C000E46E9 /* Products */,
			);
			sourceTree = "<group>";
		};
		208C80BA1CDAFF9C000E46E9 /* Products */ = {
			isa = PBXGroup;
			children = (
				208C80B91CDAFF9C000E46E9 /* tick tack toe.app */,
				208C80CD1CDAFF9C000E46E9 /* tick tack toeTests.xctest */,
				208C80D81CDAFF9C000E46E9 /* tick tack toeUITests.xctest */,
			);
			name = Products;
			sourceTree = "<group>";
		};
		208C80BB1CDAFF9C000E46E9 /* tick tack toe */ = {
			isa = PBXGroup;
			children = (
				208C80BC1CDAFF9C000E46E9 /* AppDelegate.swift */,
				208C80BE1CDAFF9C000E46E9 /* ViewController.swift */,
				208C80C01CDAFF9C000E46E9 /* Main.storyboard */,
				208C80C31CDAFF9C000E46E9 /* Assets.xcassets */,
				208C80C51CDAFF9C000E46E9 /* LaunchScreen.storyboard */,
				208C80C81CDAFF9C000E46E9 /* Info.plist */,
			);
			path = "tick tack toe";
			sourceTree = "<group>";
		};
		208C80D01CDAFF9C000E46E9 /* tick tack toeTests */ = {
			isa = PBXGroup;
			children = (
				208C80D11CDAFF9C000E46E9 /* tick_tack_toeTests.swift */,
				208C80D31CDAFF9C000E46E9 /* Info.plist */,
			);
			path = "tick tack toeTests";
			sourceTree = "<group>";
		};
		208C80DB1CDAFF9C000E46E9 /* tick tack toeUITests */ = {
			isa = PBXGroup;
			children = (
				208C80DC1CDAFF9C000E46E9 /* tick_tack_toeUITests.swift */,
				208C80DE1CDAFF9C000E46E9 /* Info.plist */,
			);
			path = "tick tack toeUITests";
			sourceTree = "<group>";
		};
/* End PBXGroup section */

/* Begin PBXNativeTarget section */
		208C80B81CDAFF9C000E46E9 /* tick tack toe */ = {
			isa = PBXNativeTarget;
			buildConfigurationList = 208C80E11CDAFF9C000E46E9 /* Build configuration list for PBXNativeTarget "tick tack toe" */;
			buildPhases = (
				208C80B51CDAFF9C000E46E9 /* Sources */,
				208C80B61CDAFF9C000E46E9 /* Frameworks */,
				208C80B71CDAFF9C000E46E9 /* Resources */,
			);
			buildRules = (
			);
			dependencies = (
			);
			name = "tick tack toe";
			productName = "tick tack toe";
			productReference = 208C80B91CDAFF9C000E46E9 /* tick tack toe.app */;
			productType = "com.apple.product-type.application";
		};
		208C80CC1CDAFF9C000E46E9 /* tick tack toeTests */ = {
			isa = PBXNativeTarget;
			buildConfigurationList = 208C80E41CDAFF9C000E46E9 /* Build configuration list for PBXNativeTarget "tick tack toeTests" */;
			buildPhases = (
				208C80C91CDAFF9C000E46E9 /* Sources */,
				208C80CA1CDAFF9C000E46E9 /* Frameworks */,
				208C80CB1CDAFF9C000E46E9 /* Resources */,
			);
			buildRules = (
			);
			dependencies = (
				208C80CF1CDAFF9C000E46E9 /* PBXTargetDependency */,
			);
			name = "tick tack toeTests";
			productName = "tick tack toeTests";
			productReference = 208C80CD1CDAFF9C000E46E9 /* tick tack toeTests.xctest */;
			productType = "com.apple.product-type.bundle.unit-test";
		};
		208C80D71CDAFF9C000E46E9 /* tick tack toeUITests */ = {
			isa = PBXNativeTarget;
			buildConfigurationList = 208C80E71CDAFF9C000E46E9 /* Build configuration list for PBXNativeTarget "tick tack toeUITests" */;
			buildPhases = (
				208C80D41CDAFF9C000E46E9 /* Sources */,
				208C80D51CDAFF9C000E46E9 /* Frameworks */,
				208C80D61CDAFF9C000E46E9 /* Resources */,
			);
			buildRules = (
			);
			dependencies = (
				208C80DA1CDAFF9C000E46E9 /* PBXTargetDependency */,
			);
			name = "tick tack toeUITests";
			productName = "tick tack toeUITests";
			productReference = 208C80D81CDAFF9C000E46E9 /* tick tack toeUITests.xctest */;
			productType = "com.apple.product-type.bundle.ui-testing";
		};
/* End PBXNativeTarget section */

/* Begin PBXProject section */
		208C80B11CDAFF9B000E46E9 /* Project object */ = {
			isa = PBXProject;
			attributes = {
				LastSwiftUpdateCheck = 0730;
				LastUpgradeCheck = 0730;
				ORGANIZATIONNAME = "Wing H. Liang";
				TargetAttributes = {
					208C80B81CDAFF9C000E46E9 = {
						CreatedOnToolsVersion = 7.3;
					};
					208C80CC1CDAFF9C000E46E9 = {
						CreatedOnToolsVersion = 7.3;
						TestTargetID = 208C80B81CDAFF9C000E46E9;
					};
					208C80D71CDAFF9C000E46E9 = {
						CreatedOnToolsVersion = 7.3;
						TestTargetID = 208C80B81CDAFF9C000E46E9;
					};
				};
			};
			buildConfigurationList = 208C80B41CDAFF9B000E46E9 /* Build configuration list for PBXProject "tick tack toe" */;
			compatibilityVersion = "Xcode 3.2";
			developmentRegion = English;
			hasScannedForEncodings = 0;
			knownRegions = (
				en,
				Base,
			);
			mainGroup = 208C80B01CDAFF9B000E46E9;
			productRefGroup = 208C80BA1CDAFF9C000E46E9 /* Products */;
			projectDirPath = "";
			projectRoot = "";
			targets = (
				208C80B81CDAFF9C000E46E9 /* tick tack toe */,
				208C80CC1CDAFF9C000E46E9 /* tick tack toeTests */,
				208C80D71CDAFF9C000E46E9 /* tick tack toeUITests */,
			);
		};
/* End PBXProject section */

/* Begin PBXResourcesBuildPhase section */
		208C80B71CDAFF9C000E46E9 /* Resources */ = {
			isa = PBXResourcesBuildPhase;
			buildActionMask = 2147483647;
			files = (
				208C80C71CDAFF9C000E46E9 /* LaunchScreen.storyboard in Resources */,
				208C80C41CDAFF9C000E46E9 /* Assets.xcassets in Resources */,
				208C80C21CDAFF9C000E46E9 /* Main.storyboard in Resources */,
			);
			runOnlyForDeploymentPostprocessing = 0;
		};
		208C80CB1CDAFF9C000E46E9 /* Resources */ = {
			isa = PBXResourcesBuildPhase;
			buildActionMask = 2147483647;
			files = (
			);
			runOnlyForDeploymentPostprocessing = 0;
		};
		208C80D61CDAFF9C000E46E9 /* Resources */ = {
			isa = PBXResourcesBuildPhase;
			buildActionMask = 2147483647;
			files = (
			);
			runOnlyForDeploymentPostprocessing = 0;
		};
/* End PBXResourcesBuildPhase section */

/* Begin PBXSourcesBuildPhase section */
		208C80B51CDAFF9C000E46E9 /* Sources */ = {
			isa = PBXSourcesBuildPhase;
			buildActionMask = 2147483647;
			files = (
				208C80BF1CDAFF9C000E46E9 /* ViewController.swift in Sources */,
				208C80BD1CDAFF9C000E46E9 /* AppDelegate.swift in Sources */,
			);
			runOnlyForDeploymentPostprocessing = 0;
		};
		208C80C91CDAFF9C000E46E9 /* Sources */ = {
			isa = PBXSourcesBuildPhase;
			buildActionMask = 2147483647;
			files = (
				208C80D21CDAFF9C000E46E9 /* tick_tack_toeTests.swift in Sources */,
			);
			runOnlyForDeploymentPostprocessing = 0;
		};
		208C80D41CDAFF9C000E46E9 /* Sources */ = {
			isa = PBXSourcesBuildPhase;
			buildActionMask = 2147483647;
			files = (
				208C80DD1CDAFF9C000E46E9 /* tick_tack_toeUITests.swift in Sources */,
			);
			runOnlyForDeploymentPostprocessing = 0;
		};
/* End PBXSourcesBuildPhase section */

/* Begin PBXTargetDependency section */
		208C80CF1CDAFF9C000E46E9 /* PBXTargetDependency */ = {
			isa = PBXTargetDependency;
			target = 208C80B81CDAFF9C000E46E9 /* tick tack toe */;
			targetProxy = 208C80CE1CDAFF9C000E46E9 /* PBXContainerItemProxy */;
		};
		208C80DA1CDAFF9C000E46E9 /* PBXTargetDependency */ = {
			isa = PBXTargetDependency;
			target = 208C80B81CDAFF9C000E46E9 /* tick tack toe */;
			targetProxy = 208C80D91CDAFF9C000E46E9 /* PBXContainerItemProxy */;
		};
/* End PBXTargetDependency section */

/* Begin PBXVariantGroup section */
		208C80C01CDAFF9C000E46E9 /* Main.storyboard */ = {
			isa = PBXVariantGroup;
			children = (
				208C80C11CDAFF9C000E46E9 /* Base */,
			);
			name = Main.storyboard;
			sourceTree = "<group>";
		};
		208C80C51CDAFF9C000E46E9 /* LaunchScreen.storyboard */ = {
			isa = PBXVariantGroup;
			children = (
				208C80C61CDAFF9C000E46E9 /* Base */,
			);
			name = LaunchScreen.storyboard;
			sourceTree = "<group>";
		};
/* End PBXVariantGroup section */

/* Begin XCBuildConfiguration section */
		208C80DF1CDAFF9C000E46E9 /* Debug */ = {
			isa = XCBuildConfiguration;
			buildSettings = {
				ALWAYS_SEARCH_USER_PATHS = NO;
				CLANG_ANALYZER_NONNULL = YES;
				CLANG_CXX_LANGUAGE_STANDARD = "gnu++0x";
				CLANG_CXX_LIBRARY = "libc++";
				CLANG_ENABLE_MODULES = YES;
				CLANG_ENABLE_OBJC_ARC = YES;
				CLANG_WARN_BOOL_CONVERSION = YES;
				CLANG_WARN_CONSTANT_CONVERSION = YES;
				CLANG_WARN_DIRECT_OBJC_ISA_USAGE = YES_ERROR;
				CLANG_WARN_EMPTY_BODY = YES;
				CLANG_WARN_ENUM_CONVERSION = YES;
				CLANG_WARN_INT_CONVERSION = YES;
				CLANG_WARN_OBJC_ROOT_CLASS = YES_ERROR;
				CLANG_WARN_UNREACHABLE_CODE = YES;
				CLANG_WARN__DUPLICATE_METHOD_MATCH = YES;
				"CODE_SIGN_IDENTITY[sdk=iphoneos*]" = "iPhone Developer";
				COPY_PHASE_STRIP = NO;
				DEBUG_INFORMATION_FORMAT = dwarf;
				ENABLE_STRICT_OBJC_MSGSEND = YES;
				ENABLE_TESTABILITY = YES;
				GCC_C_LANGUAGE_STANDARD = gnu99;
				GCC_DYNAMIC_NO_PIC = NO;
				GCC_NO_COMMON_BLOCKS = YES;
				GCC_OPTIMIZATION_LEVEL = 0;
				GCC_PREPROCESSOR_DEFINITIONS = (
					"DEBUG=1",
					"$(inherited)",
				);
				GCC_WARN_64_TO_32_BIT_CONVERSION = YES;
				GCC_WARN_ABOUT_RETURN_TYPE = YES_ERROR;
				GCC_WARN_UNDECLARED_SELECTOR = YES;
				GCC_WARN_UNINITIALIZED_AUTOS = YES_AGGRESSIVE;
				GCC_WARN_UNUSED_FUNCTION = YES;
				GCC_WARN_UNUSED_VARIABLE = YES;
				IPHONEOS_DEPLOYMENT_TARGET = 9.3;
				MTL_ENABLE_DEBUG_INFO = YES;
				ONLY_ACTIVE_ARCH = YES;
				SDKROOT = iphoneos;
				SWIFT_OPTIMIZATION_LEVEL = "-Onone";
				TARGETED_DEVICE_FAMILY = "1,2";
			};
			name = Debug;
		};
		208C80E01CDAFF9C000E46E9 /* Release */ = {
			isa = XCBuildConfiguration;
			buildSettings = {
				ALWAYS_SEARCH_USER_PATHS = NO;
				CLANG_ANALYZER_NONNULL = YES;
				CLANG_CXX_LANGUAGE_STANDARD = "gnu++0x";
				CLANG_CXX_LIBRARY = "libc++";
				CLANG_ENABLE_MODULES = YES;
				CLANG_ENABLE_OBJC_ARC = YES;
				CLANG_WARN_BOOL_CONVERSION = YES;
				CLANG_WARN_CONSTANT_CONVERSION = YES;
				CLANG_WARN_DIRECT_OBJC_ISA_USAGE = YES_ERROR;
				CLANG_WARN_EMPTY_BODY = YES;
				CLANG_WARN_ENUM_CONVERSION = YES;
				CLANG_WARN_INT_CONVERSION = YES;
				CLANG_WARN_OBJC_ROOT_CLASS = YES_ERROR;
				CLANG_WARN_UNREACHABLE_CODE = YES;
				CLANG_WARN__DUPLICATE_METHOD_MATCH = YES;
				"CODE_SIGN_IDENTITY[sdk=iphoneos*]" = "iPhone Developer";
				COPY_PHASE_STRIP = NO;
				DEBUG_INFORMATION_FORMAT = "dwarf-with-dsym";
				ENABLE_NS_ASSERTIONS = NO;
				ENABLE_STRICT_OBJC_MSGSEND = YES;
				GCC_C_LANGUAGE_STANDARD = gnu99;
				GCC_NO_COMMON_BLOCKS = YES;
				GCC_WARN_64_TO_32_BIT_CONVERSION = YES;
				GCC_WARN_ABOUT_RETURN_TYPE = YES_ERROR;
				GCC_WARN_UNDECLARED_SELECTOR = YES;
				GCC_WARN_UNINITIALIZED_AUTOS = YES_AGGRESSIVE;
				GCC_WARN_UNUSED_FUNCTION = YES;
				GCC_WARN_UNUSED_VARIABLE = YES;
				IPHONEOS_DEPLOYMENT_TARGET = 9.3;
				MTL_ENABLE_DEBUG_INFO = NO;
				SDKROOT = iphoneos;
				TARGETED_DEVICE_FAMILY = "1,2";
				VALIDATE_PRODUCT = YES;
			};
			name = Release;
		};
		208C80E21CDAFF9C000E46E9 /* Debug */ = {
			isa = XCBuildConfiguration;
			buildSettings = {
				ASSETCATALOG_COMPILER_APPICON_NAME = AppIcon;
				INFOPLIST_FILE = "tick tack toe/Info.plist";
				LD_RUNPATH_SEARCH_PATHS = "$(inherited) @executable_path/Frameworks";
				PRODUCT_BUNDLE_IDENTIFIER = "com.Wing.tick-tack-toe";
				PRODUCT_NAME = "$(TARGET_NAME)";
			};
			name = Debug;
		};
		208C80E31CDAFF9C000E46E9 /* Release */ = {
			isa = XCBuildConfiguration;
			buildSettings = {
				ASSETCATALOG_COMPILER_APPICON_NAME = AppIcon;
				INFOPLIST_FILE = "tick tack toe/Info.plist";
				LD_RUNPATH_SEARCH_PATHS = "$(inherited) @executable_path/Frameworks";
				PRODUCT_BUNDLE_IDENTIFIER = "com.Wing.tick-tack-toe";
				PRODUCT_NAME = "$(TARGET_NAME)";
			};
			name = Release;
		};
		208C80E51CDAFF9C000E46E9 /* Debug */ = {
			isa = XCBuildConfiguration;
			buildSettings = {
				BUNDLE_LOADER = "$(TEST_HOST)";
				INFOPLIST_FILE = "tick tack toeTests/Info.plist";
				LD_RUNPATH_SEARCH_PATHS = "$(inherited) @executable_path/Frameworks @loader_path/Frameworks";
				PRODUCT_BUNDLE_IDENTIFIER = "com.Wing.tick-tack-toeTests";
				PRODUCT_NAME = "$(TARGET_NAME)";
				TEST_HOST = "$(BUILT_PRODUCTS_DIR)/tick tack toe.app/tick tack toe";
			};
			name = Debug;
		};
		208C80E61CDAFF9C000E46E9 /* Release */ = {
			isa = XCBuildConfiguration;
			buildSettings = {
				BUNDLE_LOADER = "$(TEST_HOST)";
				INFOPLIST_FILE = "tick tack toeTests/Info.plist";
				LD_RUNPATH_SEARCH_PATHS = "$(inherited) @executable_path/Frameworks @loader_path/Frameworks";
				PRODUCT_BUNDLE_IDENTIFIER = "com.Wing.tick-tack-toeTests";
				PRODUCT_NAME = "$(TARGET_NAME)";
				TEST_HOST = "$(BUILT_PRODUCTS_DIR)/tick tack toe.app/tick tack toe";
			};
			name = Release;
		};
		208C80E81CDAFF9C000E46E9 /* Debug */ = {
			isa = XCBuildConfiguration;
			buildSettings = {
				INFOPLIST_FILE = "tick tack toeUITests/Info.plist";
				LD_RUNPATH_SEARCH_PATHS = "$(inherited) @executable_path/Frameworks @loader_path/Frameworks";
				PRODUCT_BUNDLE_IDENTIFIER = "com.Wing.tick-tack-toeUITests";
				PRODUCT_NAME = "$(TARGET_NAME)";
				TEST_TARGET_NAME = "tick tack toe";
			};
			name = Debug;
		};
		208C80E91CDAFF9C000E46E9 /* Release */ = {
			isa = XCBuildConfiguration;
			buildSettings = {
				INFOPLIST_FILE = "tick tack toeUITests/Info.plist";
				LD_RUNPATH_SEARCH_PATHS = "$(inherited) @executable_path/Frameworks @loader_path/Frameworks";
				PRODUCT_BUNDLE_IDENTIFIER = "com.Wing.tick-tack-toeUITests";
				PRODUCT_NAME = "$(TARGET_NAME)";
				TEST_TARGET_NAME = "tick tack toe";
			};
			name = Release;
		};
/* End XCBuildConfiguration section */

/* Begin XCConfigurationList section */
		208C80B41CDAFF9B000E46E9 /* Build configuration list for PBXProject "tick tack toe" */ = {
			isa = XCConfigurationList;
			buildConfigurations = (
				208C80DF1CDAFF9C000E46E9 /* Debug */,
				208C80E01CDAFF9C000E46E9 /* Release */,
			);
			defaultConfigurationIsVisible = 0;
			defaultConfigurationName = Release;
		};
		208C80E11CDAFF9C000E46E9 /* Build configuration list for PBXNativeTarget "tick tack toe" */ = {
			isa = XCConfigurationList;
			buildConfigurations = (
				208C80E21CDAFF9C000E46E9 /* Debug */,
				208C80E31CDAFF9C000E46E9 /* Release */,
			);
			defaultConfigurationIsVisible = 0;
		};
		208C80E41CDAFF9C000E46E9 /* Build configuration list for PBXNativeTarget "tick tack toeTests" */ = {
			isa = XCConfigurationList;
			buildConfigurations = (
				208C80E51CDAFF9C000E46E9 /* Debug */,
				208C80E61CDAFF9C000E46E9 /* Release */,
			);
			defaultConfigurationIsVisible = 0;
		};
		208C80E71CDAFF9C000E46E9 /* Build configuration list for PBXNativeTarget "tick tack toeUITests" */ = {
			isa = XCConfigurationList;
			buildConfigurations = (
				208C80E81CDAFF9C000E46E9 /* Debug */,
				208C80E91CDAFF9C000E46E9 /* Release */,
			);
			defaultConfigurationIsVisible = 0;
		};
/* End XCConfigurationList section */
	};
	rootObject = 208C80B11CDAFF9B000E46E9 /* Project object */;
}
